# THIS IS AN AUTOGENERATED FILE. DO NOT EDIT THIS FILE DIRECTLY.
# yarn lockfile v1


"@types/node@^17.0.4":
  version "17.0.4"
  resolved "https://registry.yarnpkg.com/@types/node/-/node-17.0.4.tgz#fec0ce0526abb6062fd206d72a642811b887a111"
  integrity sha512-6xwbrW4JJiJLgF+zNypN5wr2ykM9/jHcL7rQ8fZe2vuftggjzZeRSM4OwRc6Xk8qWjwJ99qVHo/JgOGmomWRog==

nan@2.14.*:
  version "2.14.2"
  resolved "https://registry.yarnpkg.com/nan/-/nan-2.14.2.tgz#f5376400695168f4cc694ac9393d0c9585eeea19"
  integrity sha512-M2ufzIiINKCuDfBSAUr1vWQ+vuVcA9kqx8JJUsbQi6yf1uGRyb7HfpdfUr5qLXf3B/t8dPvcjhKMmlfnP47EzQ==

net-ping@^1.2.3:
  version "1.2.3"
  resolved "https://registry.yarnpkg.com/net-ping/-/net-ping-1.2.3.tgz#c4dd248f6e3d8d73db6928002106bb71ceae4a40"
  integrity sha512-ZKxj/kVPKL2RIsV9nR6I8nMT8Pi3k6ciTBKxD/6gd5lga9qcNmlyqNv+dbXqYGBvHsmG9yIpsfajr8X054x2fQ==
  dependencies:
    raw-socket "*"

raw-socket@*:
  version "1.7.0"
  resolved "https://registry.yarnpkg.com/raw-socket/-/raw-socket-1.7.0.tgz#cd0bcc3da52450dcb6b9efe7a6d0890bf1aaf9db"
  integrity sha512-mXqWihgwaFNmV5le0dWk5o+03M3A2zBIkC9BNaE6R0CJN9eYot++j2FIqgNSDq6/Vmu32PPI155SiiWNV2yyFQ==
  dependencies:
    nan "2.14.*"

typescript@^4.5.4:
  version "4.5.4"
  resolved "https://registry.yarnpkg.com/typescript/-/typescript-4.5.4.tgz#a17d3a0263bf5c8723b9c52f43c5084edf13c2e8"
  integrity sha512-VgYs2A2QIRuGphtzFV7aQJduJ2gyfTljngLzjpfW9FoYZF6xuw1W0vW9ghCKLfcWrCFxK81CSGRAvS1pn4fIUg==
